lockfileVersion: 5.4

specifiers:
  '@headlessui/react': ^1.7.17
  class-variance-authority: ^0.7.0
  i: ^0.3.7
  pnpm: ^8.8.0

dependencies:
  '@headlessui/react': 1.7.17
  class-variance-authority: 0.7.0
  i: 0.3.7
  pnpm: 8.8.0

packages:

  /@headlessui/react/1.7.17:
    resolution: {integrity: sha512-4am+tzvkqDSSgiwrsEpGWqgGo9dz8qU5M3znCkC4PgkpY4HcCZzEDEvozltGGGHIKl9jbXbZPSH5TWn4sWJdow==}
    engines: {node: '>=10'}
    peerDependencies:
      react: ^16 || ^17 || ^18
      react-dom: ^16 || ^17 || ^18
    dependencies:
      client-only: 0.0.1
    dev: false

  /class-variance-authority/0.7.0:
    resolution: {integrity: sha512-jFI8IQw4hczaL4ALINxqLEXQbWcNjoSkloa4IaufXCJr6QawJyw7tuRysRsrE8w2p/4gGaxKIt/hX3qz/IbD1A==}
    dependencies:
      clsx: 2.0.0
    dev: false

  /client-only/0.0.1:
    resolution: {integrity: sha512-IV3Ou0jSMzZrd3pZ48nLkT9DA7Ag1pnPzaiQhpW7c3RbcqqzvzzVu+L8gfqMp/8IM2MQtSiqaCxrrcfu8I8rMA==}
    dev: false

  /clsx/2.0.0:
    resolution: {integrity: sha512-rQ1+kcj+ttHG0MKVGBUXwayCCF1oh39BF5COIpRzuCEv8Mwjv0XucrI2ExNTOn9IlLifGClWQcU9BrZORvtw6Q==}
    engines: {node: '>=6'}
    dev: false

  /i/0.3.7:
    resolution: {integrity: sha512-FYz4wlXgkQwIPqhzC5TdNMLSE5+GS1IIDJZY/1ZiEPCT2S3COUVZeT5OW4BmW4r5LHLQuOosSwsvnroG9GR59Q==}
    engines: {node: '>=0.4'}
    dev: false

  /pnpm/8.8.0:
    resolution: {integrity: sha512-eY5rMiZpzmPI2oVr1irR97bzb036oKwCWvK91wDQndXcqUPlytPtrF0bO668Syw/uA+7hTf5NnM8Mr4ux4BRRA==}
    engines: {node: '>=16.14'}
    hasBin: true
    dev: false
