# THIS IS AN AUTOGENERATED FILE. DO NOT EDIT THIS FILE DIRECTLY.
# yarn lockfile v1


"@tanstack/react-table@^8.9.7":
  version "8.9.7"
  resolved "https://registry.yarnpkg.com/@tanstack/react-table/-/react-table-8.9.7.tgz#ae32e7c93b6392927208f63dbc89d409d19b4e4f"
  integrity sha512-UKUekM8JNUyWbjT1q3s1GpH5OtBL9mJ4258Il23fsahvkh3ou9TuFVmqI0/UPiFROgHkRlCBDNPUhcsC9YPFgg==
  dependencies:
    "@tanstack/table-core" "8.9.7"

"@tanstack/table-core@8.9.7":
  version "8.9.7"
  resolved "https://registry.yarnpkg.com/@tanstack/table-core/-/table-core-8.9.7.tgz#54c08abf10b98070efb1cd760db3859669b802a3"
  integrity sha512-lkhVcGDxa9GSoDFPkplPDvzsiUACPZrxT3U1edPs0DCMKFhBDgZ7d1DPd7cqHH0JoybfbQ/qiTQYOQBg8sinJg==
